
Microsoft Visual Studio Solution File, Format Version 12.00
# Visual Studio Version 17
VisualStudioVersion = 17.13.35825.156
MinimumVisualStudioVersion = 10.0.40219.1
Project("{FAE04EC0-301F-11D3-BF4B-00C04F79EFBC}") = "FinancialWebApplication", "FinancialWebApplication\FinancialWebApplication.csproj", "{87C9DAE0-F0EC-4E4A-8F62-7CE444DF1E6D}"
EndProject
Project("{E53339B2-1760-4266-BCC7-CA923CBCF16C}") = "docker-compose", "docker-compose.dcproj", "{81DDED9D-158B-E303-5F62-77A2896D2A5A}"
EndProject
Global
	GlobalSection(SolutionConfigurationPlatforms) = preSolution
		Debug|Any CPU = Debug|Any CPU
		Release|Any CPU = Release|Any CPU
	EndGlobalSection
	GlobalSection(ProjectConfigurationPlatforms) = postSolution
		{87C9DAE0-F0EC-4E4A-8F62-7CE444DF1E6D}.Debug|Any CPU.ActiveCfg = Debug|Any CPU
		{87C9DAE0-F0EC-4E4A-8F62-7CE444DF1E6D}.Debug|Any CPU.Build.0 = Debug|Any CPU
		{87C9DAE0-F0EC-4E4A-8F62-7CE444DF1E6D}.Release|Any CPU.ActiveCfg = Release|Any CPU
		{87C9DAE0-F0EC-4E4A-8F62-7CE444DF1E6D}.Release|Any CPU.Build.0 = Release|Any CPU
		{81DDED9D-158B-E303-5F62-77A2896D2A5A}.Debug|Any CPU.ActiveCfg = Debug|Any CPU
		{81DDED9D-158B-E303-5F62-77A2896D2A5A}.Debug|Any CPU.Build.0 = Debug|Any CPU
		{81DDED9D-158B-E303-5F62-77A2896D2A5A}.Release|Any CPU.ActiveCfg = Release|Any CPU
		{81DDED9D-158B-E303-5F62-77A2896D2A5A}.Release|Any CPU.Build.0 = Release|Any CPU
	EndGlobalSection
	GlobalSection(SolutionProperties) = preSolution
		HideSolutionNode = FALSE
	EndGlobalSection
	GlobalSection(ExtensibilityGlobals) = postSolution
		SolutionGuid = {324775A3-72A9-4811-B0A6-58D627E08C67}
	EndGlobalSection
EndGlobal
